
Microsoft Visual Studio Solution File, Format Version 12.00
# Visual Studio Version 16
VisualStudioVersion = 16.0.29905.134
MinimumVisualStudioVersion = 10.0.40219.1
Project("{FAE04EC0-301F-11D3-BF4B-00C04F79EFBC}") = "MyFirstEFCoreApp", "MyFirstEFCoreApp\MyFirstEFCoreApp.csproj", "{5EA3B1E8-AC4D-4C51-B977-43A0512656F1}"
EndProject
Global
	GlobalSection(SolutionConfigurationPlatforms) = preSolution
		Debug|Any CPU = Debug|Any CPU
		Release|Any CPU = Release|Any CPU
	EndGlobalSection
	GlobalSection(ProjectConfigurationPlatforms) = postSolution
		{5EA3B1E8-AC4D-4C51-B977-43A0512656F1}.Debug|Any CPU.ActiveCfg = Debug|Any CPU
		{5EA3B1E8-AC4D-4C51-B977-43A0512656F1}.Debug|Any CPU.Build.0 = Debug|Any CPU
		{5EA3B1E8-AC4D-4C51-B977-43A0512656F1}.Release|Any CPU.ActiveCfg = Release|Any CPU
		{5EA3B1E8-AC4D-4C51-B977-43A0512656F1}.Release|Any CPU.Build.0 = Release|Any CPU
	EndGlobalSection
	GlobalSection(SolutionProperties) = preSolution
		HideSolutionNode = FALSE
	EndGlobalSection
	GlobalSection(ExtensibilityGlobals) = postSolution
		SolutionGuid = {2BD8A1BF-0949-4645-8D72-94244351A3E5}
	EndGlobalSection
EndGlobal
